// !$*UTF8*$!
{
	archiveVersion = 1;
	classes = {
	};
	objectVersion = 46;
	objects = {

/* Begin PBXBuildFile section */
		B013A2BB1A5C6AFF005726BA /* main.cpp in Sources */ = {isa = PBXBuildFile; fileRef = B013A2BA1A5C6AFF005726BA /* main.cpp */; };
		B013A2C31A5C6B0F005726BA /* Snake.cpp in Sources */ = {isa = PBXBuildFile; fileRef = B013A2C11A5C6B0F005726BA /* Snake.cpp */; };
		B025074F1A5CBB6B00C9ABDC /* History.cpp in Sources */ = {isa = PBXBuildFile; fileRef = B025074D1A5CBB6B00C9ABDC /* History.cpp */; };
		B03DF4B61A5C6B45003F89C6 /* Player.cpp in Sources */ = {isa = PBXBuildFile; fileRef = B03DF4B41A5C6B45003F89C6 /* Player.cpp */; };
		B03DF4B91A5C6B64003F89C6 /* Pit.cpp in Sources */ = {isa = PBXBuildFile; fileRef = B03DF4B71A5C6B64003F89C6 /* Pit.cpp */; };
		B03DF4BC1A5C6B88003F89C6 /* Game.cpp in Sources */ = {isa = PBXBuildFile; fileRef = B03DF4BA1A5C6B88003F89C6 /* Game.cpp */; };
		B03DF4BF1A5C6BF0003F89C6 /* utilities.cpp in Sources */ = {isa = PBXBuildFile; fileRef = B03DF4BD1A5C6BF0003F89C6 /* utilities.cpp */; };
/* End PBXBuildFile section */

/* Begin PBXCopyFilesBuildPhase section */
		B013A2B51A5C6AFF005726BA /* CopyFiles */ = {
			isa = PBXCopyFilesBuildPhase;
			buildActionMask = 2147483647;
			dstPath = /usr/share/man/man1/;
			dstSubfolderSpec = 0;
			files = (
			);
			runOnlyForDeploymentPostprocessing = 1;
		};
/* End PBXCopyFilesBuildPhase section */

/* Begin PBXFileReference section */
		B013A2B71A5C6AFF005726BA /* snakePit */ = {isa = PBXFileReference; explicitFileType = "compiled.mach-o.executable"; includeInIndex = 0; path = snakePit; sourceTree = BUILT_PRODUCTS_DIR; };
		B013A2BA1A5C6AFF005726BA /* main.cpp */ = {isa = PBXFileReference; lastKnownFileType = sourcecode.cpp.cpp; path = main.cpp; sourceTree = "<group>"; };
		B013A2C11A5C6B0F005726BA /* Snake.cpp */ = {isa = PBXFileReference; fileEncoding = 4; lastKnownFileType = sourcecode.cpp.cpp; path = Snake.cpp; sourceTree = "<group>"; };
		B013A2C21A5C6B0F005726BA /* Snake.h */ = {isa = PBXFileReference; fileEncoding = 4; lastKnownFileType = sourcecode.c.h; path = Snake.h; sourceTree = "<group>"; };
		B025074D1A5CBB6B00C9ABDC /* History.cpp */ = {isa = PBXFileReference; fileEncoding = 4; lastKnownFileType = sourcecode.cpp.cpp; path = History.cpp; sourceTree = "<group>"; };
		B025074E1A5CBB6B00C9ABDC /* History.h */ = {isa = PBXFileReference; fileEncoding = 4; lastKnownFileType = sourcecode.c.h; path = History.h; sourceTree = "<group>"; };
		B03DF4B41A5C6B45003F89C6 /* Player.cpp */ = {isa = PBXFileReference; fileEncoding = 4; lastKnownFileType = sourcecode.cpp.cpp; path = Player.cpp; sourceTree = "<group>"; };
		B03DF4B51A5C6B45003F89C6 /* Player.h */ = {isa = PBXFileReference; fileEncoding = 4; lastKnownFileType = sourcecode.c.h; path = Player.h; sourceTree = "<group>"; };
		B03DF4B71A5C6B64003F89C6 /* Pit.cpp */ = {isa = PBXFileReference; fileEncoding = 4; lastKnownFileType = sourcecode.cpp.cpp; path = Pit.cpp; sourceTree = "<group>"; };
		B03DF4B81A5C6B64003F89C6 /* Pit.h */ = {isa = PBXFileReference; fileEncoding = 4; lastKnownFileType = sourcecode.c.h; path = Pit.h; sourceTree = "<group>"; };
		B03DF4BA1A5C6B88003F89C6 /* Game.cpp */ = {isa = PBXFileReference; fileEncoding = 4; lastKnownFileType = sourcecode.cpp.cpp; path = Game.cpp; sourceTree = "<group>"; };
		B03DF4BB1A5C6B88003F89C6 /* Game.h */ = {isa = PBXFileReference; fileEncoding = 4; lastKnownFileType = sourcecode.c.h; path = Game.h; sourceTree = "<group>"; };
		B03DF4BD1A5C6BF0003F89C6 /* utilities.cpp */ = {isa = PBXFileReference; fileEncoding = 4; lastKnownFileType = sourcecode.cpp.cpp; path = utilities.cpp; sourceTree = "<group>"; };
		B03DF4BE1A5C6BF0003F89C6 /* globals.h */ = {isa = PBXFileReference; fileEncoding = 4; lastKnownFileType = sourcecode.c.h; path = globals.h; sourceTree = "<group>"; };
/* End PBXFileReference section */

/* Begin PBXFrameworksBuildPhase section */
		B013A2B41A5C6AFF005726BA /* Frameworks */ = {
			isa = PBXFrameworksBuildPhase;
			buildActionMask = 2147483647;
			files = (
			);
			runOnlyForDeploymentPostprocessing = 0;
		};
/* End PBXFrameworksBuildPhase section */

/* Begin PBXGroup section */
		B013A2AE1A5C6AFF005726BA = {
			isa = PBXGroup;
			children = (
				B013A2B91A5C6AFF005726BA /* snakePit */,
				B013A2B81A5C6AFF005726BA /* Products */,
			);
			sourceTree = "<group>";
		};
		B013A2B81A5C6AFF005726BA /* Products */ = {
			isa = PBXGroup;
			children = (
				B013A2B71A5C6AFF005726BA /* snakePit */,
			);
			name = Products;
			sourceTree = "<group>";
		};
		B013A2B91A5C6AFF005726BA /* snakePit */ = {
			isa = PBXGroup;
			children = (
				B013A2BA1A5C6AFF005726BA /* main.cpp */,
				B03DF4BD1A5C6BF0003F89C6 /* utilities.cpp */,
				B03DF4BE1A5C6BF0003F89C6 /* globals.h */,
				B03DF4BA1A5C6B88003F89C6 /* Game.cpp */,
				B03DF4BB1A5C6B88003F89C6 /* Game.h */,
				B03DF4B71A5C6B64003F89C6 /* Pit.cpp */,
				B03DF4B81A5C6B64003F89C6 /* Pit.h */,
				B03DF4B41A5C6B45003F89C6 /* Player.cpp */,
				B03DF4B51A5C6B45003F89C6 /* Player.h */,
				B013A2C11A5C6B0F005726BA /* Snake.cpp */,
				B013A2C21A5C6B0F005726BA /* Snake.h */,
				B025074D1A5CBB6B00C9ABDC /* History.cpp */,
				B025074E1A5CBB6B00C9ABDC /* History.h */,
			);
			path = snakePit;
			sourceTree = "<group>";
		};
/* End PBXGroup section */

/* Begin PBXNativeTarget section */
		B013A2B61A5C6AFF005726BA /* snakePit */ = {
			isa = PBXNativeTarget;
			buildConfigurationList = B013A2BE1A5C6AFF005726BA /* Build configuration list for PBXNativeTarget "snakePit" */;
			buildPhases = (
				B013A2B31A5C6AFF005726BA /* Sources */,
				B013A2B41A5C6AFF005726BA /* Frameworks */,
				B013A2B51A5C6AFF005726BA /* CopyFiles */,
			);
			buildRules = (
			);
			dependencies = (
			);
			name = snakePit;
			productName = snakePit;
			productReference = B013A2B71A5C6AFF005726BA /* snakePit */;
			productType = "com.apple.product-type.tool";
		};
/* End PBXNativeTarget section */

/* Begin PBXProject section */
		B013A2AF1A5C6AFF005726BA /* Project object */ = {
			isa = PBXProject;
			attributes = {
				LastUpgradeCheck = 0610;
				ORGANIZATIONNAME = "Chang Liu";
				TargetAttributes = {
					B013A2B61A5C6AFF005726BA = {
						CreatedOnToolsVersion = 6.1;
					};
				};
			};
			buildConfigurationList = B013A2B21A5C6AFF005726BA /* Build configuration list for PBXProject "snakePit" */;
			compatibilityVersion = "Xcode 3.2";
			developmentRegion = English;
			hasScannedForEncodings = 0;
			knownRegions = (
				en,
			);
			mainGroup = B013A2AE1A5C6AFF005726BA;
			productRefGroup = B013A2B81A5C6AFF005726BA /* Products */;
			projectDirPath = "";
			projectRoot = "";
			targets = (
				B013A2B61A5C6AFF005726BA /* snakePit */,
			);
		};
/* End PBXProject section */

/* Begin PBXSourcesBuildPhase section */
		B013A2B31A5C6AFF005726BA /* Sources */ = {
			isa = PBXSourcesBuildPhase;
			buildActionMask = 2147483647;
			files = (
				B03DF4BF1A5C6BF0003F89C6 /* utilities.cpp in Sources */,
				B013A2C31A5C6B0F005726BA /* Snake.cpp in Sources */,
				B03DF4B91A5C6B64003F89C6 /* Pit.cpp in Sources */,
				B013A2BB1A5C6AFF005726BA /* main.cpp in Sources */,
				B03DF4B61A5C6B45003F89C6 /* Player.cpp in Sources */,
				B03DF4BC1A5C6B88003F89C6 /* Game.cpp in Sources */,
				B025074F1A5CBB6B00C9ABDC /* History.cpp in Sources */,
			);
			runOnlyForDeploymentPostprocessing = 0;
		};
/* End PBXSourcesBuildPhase section */

/* Begin XCBuildConfiguration section */
		B013A2BC1A5C6AFF005726BA /* Debug */ = {
			isa = XCBuildConfiguration;
			buildSettings = {
				ALWAYS_SEARCH_USER_PATHS = NO;
				CLANG_CXX_LANGUAGE_STANDARD = "gnu++0x";
				CLANG_CXX_LIBRARY = "libc++";
				CLANG_ENABLE_MODULES = YES;
				CLANG_ENABLE_OBJC_ARC = YES;
				CLANG_WARN_BOOL_CONVERSION = YES;
				CLANG_WARN_CONSTANT_CONVERSION = YES;
				CLANG_WARN_DIRECT_OBJC_ISA_USAGE = YES_ERROR;
				CLANG_WARN_EMPTY_BODY = YES;
				CLANG_WARN_ENUM_CONVERSION = YES;
				CLANG_WARN_INT_CONVERSION = YES;
				CLANG_WARN_OBJC_ROOT_CLASS = YES_ERROR;
				CLANG_WARN_UNREACHABLE_CODE = YES;
				CLANG_WARN__DUPLICATE_METHOD_MATCH = YES;
				COPY_PHASE_STRIP = NO;
				ENABLE_STRICT_OBJC_MSGSEND = YES;
				GCC_C_LANGUAGE_STANDARD = gnu99;
				GCC_DYNAMIC_NO_PIC = NO;
				GCC_OPTIMIZATION_LEVEL = 0;
				GCC_PREPROCESSOR_DEFINITIONS = (
					"DEBUG=1",
					"$(inherited)",
				);
				GCC_SYMBOLS_PRIVATE_EXTERN = NO;
				GCC_WARN_64_TO_32_BIT_CONVERSION = YES;
				GCC_WARN_ABOUT_RETURN_TYPE = YES_ERROR;
				GCC_WARN_UNDECLARED_SELECTOR = YES;
				GCC_WARN_UNINITIALIZED_AUTOS = YES_AGGRESSIVE;
				GCC_WARN_UNUSED_FUNCTION = YES;
				GCC_WARN_UNUSED_VARIABLE = YES;
				MACOSX_DEPLOYMENT_TARGET = 10.10;
				MTL_ENABLE_DEBUG_INFO = YES;
				ONLY_ACTIVE_ARCH = YES;
				SDKROOT = macosx;
			};
			name = Debug;
		};
		B013A2BD1A5C6AFF005726BA /* Release */ = {
			isa = XCBuildConfiguration;
			buildSettings = {
				ALWAYS_SEARCH_USER_PATHS = NO;
				CLANG_CXX_LANGUAGE_STANDARD = "gnu++0x";
				CLANG_CXX_LIBRARY = "libc++";
				CLANG_ENABLE_MODULES = YES;
				CLANG_ENABLE_OBJC_ARC = YES;
				CLANG_WARN_BOOL_CONVERSION = YES;
				CLANG_WARN_CONSTANT_CONVERSION = YES;
				CLANG_WARN_DIRECT_OBJC_ISA_USAGE = YES_ERROR;
				CLANG_WARN_EMPTY_BODY = YES;
				CLANG_WARN_ENUM_CONVERSION = YES;
				CLANG_WARN_INT_CONVERSION = YES;
				CLANG_WARN_OBJC_ROOT_CLASS = YES_ERROR;
				CLANG_WARN_UNREACHABLE_CODE = YES;
				CLANG_WARN__DUPLICATE_METHOD_MATCH = YES;
				COPY_PHASE_STRIP = YES;
				DEBUG_INFORMATION_FORMAT = "dwarf-with-dsym";
				ENABLE_NS_ASSERTIONS = NO;
				ENABLE_STRICT_OBJC_MSGSEND = YES;
				GCC_C_LANGUAGE_STANDARD = gnu99;
				GCC_WARN_64_TO_32_BIT_CONVERSION = YES;
				GCC_WARN_ABOUT_RETURN_TYPE = YES_ERROR;
				GCC_WARN_UNDECLARED_SELECTOR = YES;
				GCC_WARN_UNINITIALIZED_AUTOS = YES_AGGRESSIVE;
				GCC_WARN_UNUSED_FUNCTION = YES;
				GCC_WARN_UNUSED_VARIABLE = YES;
				MACOSX_DEPLOYMENT_TARGET = 10.10;
				MTL_ENABLE_DEBUG_INFO = NO;
				SDKROOT = macosx;
			};
			name = Release;
		};
		B013A2BF1A5C6AFF005726BA /* Debug */ = {
			isa = XCBuildConfiguration;
			buildSettings = {
				PRODUCT_NAME = "$(TARGET_NAME)";
			};
			name = Debug;
		};
		B013A2C01A5C6AFF005726BA /* Release */ = {
			isa = XCBuildConfiguration;
			buildSettings = {
				PRODUCT_NAME = "$(TARGET_NAME)";
			};
			name = Release;
		};
/* End XCBuildConfiguration section */

/* Begin XCConfigurationList section */
		B013A2B21A5C6AFF005726BA /* Build configuration list for PBXProject "snakePit" */ = {
			isa = XCConfigurationList;
			buildConfigurations = (
				B013A2BC1A5C6AFF005726BA /* Debug */,
				B013A2BD1A5C6AFF005726BA /* Release */,
			);
			defaultConfigurationIsVisible = 0;
			defaultConfigurationName = Release;
		};
		B013A2BE1A5C6AFF005726BA /* Build configuration list for PBXNativeTarget "snakePit" */ = {
			isa = XCConfigurationList;
			buildConfigurations = (
				B013A2BF1A5C6AFF005726BA /* Debug */,
				B013A2C01A5C6AFF005726BA /* Release */,
			);
			defaultConfigurationIsVisible = 0;
			defaultConfigurationName = Release;
		};
/* End XCConfigurationList section */
	};
	rootObject = B013A2AF1A5C6AFF005726BA /* Project object */;
}
