// !$*UTF8*$!
{
	archiveVersion = 1;
	classes = {
	};
	objectVersion = 46;
	objects = {

/* Begin PBXBuildFile section */
		B0EE660C1A87D5A800BB2E49 /* main.cpp in Sources */ = {isa = PBXBuildFile; fileRef = B0EE660B1A87D5A800BB2E49 /* main.cpp */; };
		B0EE66131A87F7B300BB2E49 /* character.cpp in Sources */ = {isa = PBXBuildFile; fileRef = B0EE66121A87F7B300BB2E49 /* character.cpp */; };
		B0F0C3301A88698700A973FD /* linear.cpp in Sources */ = {isa = PBXBuildFile; fileRef = B0F0C32F1A88698700A973FD /* linear.cpp */; };
		B0F0C3321A886D1000A973FD /* maze.cpp in Sources */ = {isa = PBXBuildFile; fileRef = B0F0C3311A886D1000A973FD /* maze.cpp */; };
/* End PBXBuildFile section */

/* Begin PBXCopyFilesBuildPhase section */
		B0EE66061A87D5A800BB2E49 /* CopyFiles */ = {
			isa = PBXCopyFilesBuildPhase;
			buildActionMask = 2147483647;
			dstPath = /usr/share/man/man1/;
			dstSubfolderSpec = 0;
			files = (
			);
			runOnlyForDeploymentPostprocessing = 1;
		};
/* End PBXCopyFilesBuildPhase section */

/* Begin PBXFileReference section */
		B0EE66081A87D5A800BB2E49 /* 3. thirdHomework */ = {isa = PBXFileReference; explicitFileType = "compiled.mach-o.executable"; includeInIndex = 0; path = "3. thirdHomework"; sourceTree = BUILT_PRODUCTS_DIR; };
		B0EE660B1A87D5A800BB2E49 /* main.cpp */ = {isa = PBXFileReference; lastKnownFileType = sourcecode.cpp.cpp; path = main.cpp; sourceTree = "<group>"; };
		B0EE66121A87F7B300BB2E49 /* character.cpp */ = {isa = PBXFileReference; fileEncoding = 4; lastKnownFileType = sourcecode.cpp.cpp; path = character.cpp; sourceTree = "<group>"; };
		B0F0C32F1A88698700A973FD /* linear.cpp */ = {isa = PBXFileReference; fileEncoding = 4; lastKnownFileType = sourcecode.cpp.cpp; path = linear.cpp; sourceTree = "<group>"; };
		B0F0C3311A886D1000A973FD /* maze.cpp */ = {isa = PBXFileReference; fileEncoding = 4; lastKnownFileType = sourcecode.cpp.cpp; path = maze.cpp; sourceTree = "<group>"; };
/* End PBXFileReference section */

/* Begin PBXFrameworksBuildPhase section */
		B0EE66051A87D5A800BB2E49 /* Frameworks */ = {
			isa = PBXFrameworksBuildPhase;
			buildActionMask = 2147483647;
			files = (
			);
			runOnlyForDeploymentPostprocessing = 0;
		};
/* End PBXFrameworksBuildPhase section */

/* Begin PBXGroup section */
		B0EE65FF1A87D5A800BB2E49 = {
			isa = PBXGroup;
			children = (
				B0EE660A1A87D5A800BB2E49 /* 3. thirdHomework */,
				B0EE66091A87D5A800BB2E49 /* Products */,
			);
			sourceTree = "<group>";
		};
		B0EE66091A87D5A800BB2E49 /* Products */ = {
			isa = PBXGroup;
			children = (
				B0EE66081A87D5A800BB2E49 /* 3. thirdHomework */,
			);
			name = Products;
			sourceTree = "<group>";
		};
		B0EE660A1A87D5A800BB2E49 /* 3. thirdHomework */ = {
			isa = PBXGroup;
			children = (
				B0EE660B1A87D5A800BB2E49 /* main.cpp */,
				B0F0C3311A886D1000A973FD /* maze.cpp */,
				B0F0C32F1A88698700A973FD /* linear.cpp */,
				B0EE66121A87F7B300BB2E49 /* character.cpp */,
			);
			path = "3. thirdHomework";
			sourceTree = "<group>";
		};
/* End PBXGroup section */

/* Begin PBXNativeTarget section */
		B0EE66071A87D5A800BB2E49 /* 3. thirdHomework */ = {
			isa = PBXNativeTarget;
			buildConfigurationList = B0EE660F1A87D5A800BB2E49 /* Build configuration list for PBXNativeTarget "3. thirdHomework" */;
			buildPhases = (
				B0EE66041A87D5A800BB2E49 /* Sources */,
				B0EE66051A87D5A800BB2E49 /* Frameworks */,
				B0EE66061A87D5A800BB2E49 /* CopyFiles */,
			);
			buildRules = (
			);
			dependencies = (
			);
			name = "3. thirdHomework";
			productName = "3. thirdHomework";
			productReference = B0EE66081A87D5A800BB2E49 /* 3. thirdHomework */;
			productType = "com.apple.product-type.tool";
		};
/* End PBXNativeTarget section */

/* Begin PBXProject section */
		B0EE66001A87D5A800BB2E49 /* Project object */ = {
			isa = PBXProject;
			attributes = {
				LastUpgradeCheck = 0610;
				ORGANIZATIONNAME = "Chang Liu";
				TargetAttributes = {
					B0EE66071A87D5A800BB2E49 = {
						CreatedOnToolsVersion = 6.1.1;
					};
				};
			};
			buildConfigurationList = B0EE66031A87D5A800BB2E49 /* Build configuration list for PBXProject "3. thirdHomework" */;
			compatibilityVersion = "Xcode 3.2";
			developmentRegion = English;
			hasScannedForEncodings = 0;
			knownRegions = (
				en,
			);
			mainGroup = B0EE65FF1A87D5A800BB2E49;
			productRefGroup = B0EE66091A87D5A800BB2E49 /* Products */;
			projectDirPath = "";
			projectRoot = "";
			targets = (
				B0EE66071A87D5A800BB2E49 /* 3. thirdHomework */,
			);
		};
/* End PBXProject section */

/* Begin PBXSourcesBuildPhase section */
		B0EE66041A87D5A800BB2E49 /* Sources */ = {
			isa = PBXSourcesBuildPhase;
			buildActionMask = 2147483647;
			files = (
				B0EE660C1A87D5A800BB2E49 /* main.cpp in Sources */,
				B0F0C3301A88698700A973FD /* linear.cpp in Sources */,
				B0F0C3321A886D1000A973FD /* maze.cpp in Sources */,
				B0EE66131A87F7B300BB2E49 /* character.cpp in Sources */,
			);
			runOnlyForDeploymentPostprocessing = 0;
		};
/* End PBXSourcesBuildPhase section */

/* Begin XCBuildConfiguration section */
		B0EE660D1A87D5A800BB2E49 /* Debug */ = {
			isa = XCBuildConfiguration;
			buildSettings = {
				ALWAYS_SEARCH_USER_PATHS = NO;
				CLANG_CXX_LANGUAGE_STANDARD = "gnu++0x";
				CLANG_CXX_LIBRARY = "libc++";
				CLANG_ENABLE_MODULES = YES;
				CLANG_ENABLE_OBJC_ARC = YES;
				CLANG_WARN_BOOL_CONVERSION = YES;
				CLANG_WARN_CONSTANT_CONVERSION = YES;
				CLANG_WARN_DIRECT_OBJC_ISA_USAGE = YES_ERROR;
				CLANG_WARN_EMPTY_BODY = YES;
				CLANG_WARN_ENUM_CONVERSION = YES;
				CLANG_WARN_INT_CONVERSION = YES;
				CLANG_WARN_OBJC_ROOT_CLASS = YES_ERROR;
				CLANG_WARN_UNREACHABLE_CODE = YES;
				CLANG_WARN__DUPLICATE_METHOD_MATCH = YES;
				COPY_PHASE_STRIP = NO;
				ENABLE_STRICT_OBJC_MSGSEND = YES;
				GCC_C_LANGUAGE_STANDARD = gnu99;
				GCC_DYNAMIC_NO_PIC = NO;
				GCC_OPTIMIZATION_LEVEL = 0;
				GCC_PREPROCESSOR_DEFINITIONS = (
					"DEBUG=1",
					"$(inherited)",
				);
				GCC_SYMBOLS_PRIVATE_EXTERN = NO;
				GCC_WARN_64_TO_32_BIT_CONVERSION = YES;
				GCC_WARN_ABOUT_RETURN_TYPE = YES_ERROR;
				GCC_WARN_UNDECLARED_SELECTOR = YES;
				GCC_WARN_UNINITIALIZED_AUTOS = YES_AGGRESSIVE;
				GCC_WARN_UNUSED_FUNCTION = YES;
				GCC_WARN_UNUSED_VARIABLE = YES;
				MACOSX_DEPLOYMENT_TARGET = 10.10;
				MTL_ENABLE_DEBUG_INFO = YES;
				ONLY_ACTIVE_ARCH = YES;
				SDKROOT = macosx;
			};
			name = Debug;
		};
		B0EE660E1A87D5A800BB2E49 /* Release */ = {
			isa = XCBuildConfiguration;
			buildSettings = {
				ALWAYS_SEARCH_USER_PATHS = NO;
				CLANG_CXX_LANGUAGE_STANDARD = "gnu++0x";
				CLANG_CXX_LIBRARY = "libc++";
				CLANG_ENABLE_MODULES = YES;
				CLANG_ENABLE_OBJC_ARC = YES;
				CLANG_WARN_BOOL_CONVERSION = YES;
				CLANG_WARN_CONSTANT_CONVERSION = YES;
				CLANG_WARN_DIRECT_OBJC_ISA_USAGE = YES_ERROR;
				CLANG_WARN_EMPTY_BODY = YES;
				CLANG_WARN_ENUM_CONVERSION = YES;
				CLANG_WARN_INT_CONVERSION = YES;
				CLANG_WARN_OBJC_ROOT_CLASS = YES_ERROR;
				CLANG_WARN_UNREACHABLE_CODE = YES;
				CLANG_WARN__DUPLICATE_METHOD_MATCH = YES;
				COPY_PHASE_STRIP = YES;
				DEBUG_INFORMATION_FORMAT = "dwarf-with-dsym";
				ENABLE_NS_ASSERTIONS = NO;
				ENABLE_STRICT_OBJC_MSGSEND = YES;
				GCC_C_LANGUAGE_STANDARD = gnu99;
				GCC_WARN_64_TO_32_BIT_CONVERSION = YES;
				GCC_WARN_ABOUT_RETURN_TYPE = YES_ERROR;
				GCC_WARN_UNDECLARED_SELECTOR = YES;
				GCC_WARN_UNINITIALIZED_AUTOS = YES_AGGRESSIVE;
				GCC_WARN_UNUSED_FUNCTION = YES;
				GCC_WARN_UNUSED_VARIABLE = YES;
				MACOSX_DEPLOYMENT_TARGET = 10.10;
				MTL_ENABLE_DEBUG_INFO = NO;
				SDKROOT = macosx;
			};
			name = Release;
		};
		B0EE66101A87D5A800BB2E49 /* Debug */ = {
			isa = XCBuildConfiguration;
			buildSettings = {
				PRODUCT_NAME = "$(TARGET_NAME)";
			};
			name = Debug;
		};
		B0EE66111A87D5A800BB2E49 /* Release */ = {
			isa = XCBuildConfiguration;
			buildSettings = {
				PRODUCT_NAME = "$(TARGET_NAME)";
			};
			name = Release;
		};
/* End XCBuildConfiguration section */

/* Begin XCConfigurationList section */
		B0EE66031A87D5A800BB2E49 /* Build configuration list for PBXProject "3. thirdHomework" */ = {
			isa = XCConfigurationList;
			buildConfigurations = (
				B0EE660D1A87D5A800BB2E49 /* Debug */,
				B0EE660E1A87D5A800BB2E49 /* Release */,
			);
			defaultConfigurationIsVisible = 0;
			defaultConfigurationName = Release;
		};
		B0EE660F1A87D5A800BB2E49 /* Build configuration list for PBXNativeTarget "3. thirdHomework" */ = {
			isa = XCConfigurationList;
			buildConfigurations = (
				B0EE66101A87D5A800BB2E49 /* Debug */,
				B0EE66111A87D5A800BB2E49 /* Release */,
			);
			defaultConfigurationIsVisible = 0;
			defaultConfigurationName = Release;
		};
/* End XCConfigurationList section */
	};
	rootObject = B0EE66001A87D5A800BB2E49 /* Project object */;
}
